
Microsoft Visual Studio Solution File, Format Version 12.00
# Visual Studio 2015
Project("{FAE04EC0-301F-11D3-BF4B-00C04F79EFBC}") = "Majidy_Cyrus_Breakout", "Majidy_Cyrus_Breakout.csproj", "{DD47F4E1-D253-919B-C41E-5664E90C27FC}"
EndProject
Project("{FAE04EC0-301F-11D3-BF4B-00C04F79EFBC}") = "Majidy_Cyrus_Breakout.Editor", "Majidy_Cyrus_Breakout.Editor.csproj", "{488E2F55-52D0-E943-DA02-01AF13314AAC}"
EndProject
Global
	GlobalSection(SolutionConfigurationPlatforms) = preSolution
		Debug|Any CPU = Debug|Any CPU
		Release|Any CPU = Release|Any CPU
	EndGlobalSection
	GlobalSection(ProjectConfigurationPlatforms) = postSolution
		{DD47F4E1-D253-919B-C41E-5664E90C27FC}.Debug|Any CPU.ActiveCfg = Debug|Any CPU
		{DD47F4E1-D253-919B-C41E-5664E90C27FC}.Debug|Any CPU.Build.0 = Debug|Any CPU
		{DD47F4E1-D253-919B-C41E-5664E90C27FC}.Release|Any CPU.ActiveCfg = Release|Any CPU
		{DD47F4E1-D253-919B-C41E-5664E90C27FC}.Release|Any CPU.Build.0 = Release|Any CPU
		{488E2F55-52D0-E943-DA02-01AF13314AAC}.Debug|Any CPU.ActiveCfg = Debug|Any CPU
		{488E2F55-52D0-E943-DA02-01AF13314AAC}.Debug|Any CPU.Build.0 = Debug|Any CPU
		{488E2F55-52D0-E943-DA02-01AF13314AAC}.Release|Any CPU.ActiveCfg = Release|Any CPU
		{488E2F55-52D0-E943-DA02-01AF13314AAC}.Release|Any CPU.Build.0 = Release|Any CPU
	EndGlobalSection
	GlobalSection(SolutionProperties) = preSolution
		HideSolutionNode = FALSE
	EndGlobalSection
EndGlobal
