
Microsoft Visual Studio Solution File, Format Version 12.00
# Visual Studio 2015
Project("{FAE04EC0-301F-11D3-BF4B-00C04F79EFBC}") = "Majidy_Cyrus_Breakout_2", "Majidy_Cyrus_Breakout_2.csproj", "{AF04DF05-099A-A589-00AC-435C38558132}"
EndProject
Project("{FAE04EC0-301F-11D3-BF4B-00C04F79EFBC}") = "Majidy_Cyrus_Breakout_2.Editor", "Majidy_Cyrus_Breakout_2.Editor.csproj", "{42106183-0E30-3620-5CAE-1FEF4BE6D42A}"
EndProject
Global
	GlobalSection(SolutionConfigurationPlatforms) = preSolution
		Debug|Any CPU = Debug|Any CPU
		Release|Any CPU = Release|Any CPU
	EndGlobalSection
	GlobalSection(ProjectConfigurationPlatforms) = postSolution
		{AF04DF05-099A-A589-00AC-435C38558132}.Debug|Any CPU.ActiveCfg = Debug|Any CPU
		{AF04DF05-099A-A589-00AC-435C38558132}.Debug|Any CPU.Build.0 = Debug|Any CPU
		{AF04DF05-099A-A589-00AC-435C38558132}.Release|Any CPU.ActiveCfg = Release|Any CPU
		{AF04DF05-099A-A589-00AC-435C38558132}.Release|Any CPU.Build.0 = Release|Any CPU
		{42106183-0E30-3620-5CAE-1FEF4BE6D42A}.Debug|Any CPU.ActiveCfg = Debug|Any CPU
		{42106183-0E30-3620-5CAE-1FEF4BE6D42A}.Debug|Any CPU.Build.0 = Debug|Any CPU
		{42106183-0E30-3620-5CAE-1FEF4BE6D42A}.Release|Any CPU.ActiveCfg = Release|Any CPU
		{42106183-0E30-3620-5CAE-1FEF4BE6D42A}.Release|Any CPU.Build.0 = Release|Any CPU
	EndGlobalSection
	GlobalSection(SolutionProperties) = preSolution
		HideSolutionNode = FALSE
	EndGlobalSection
EndGlobal
